
Microsoft Visual Studio Solution File, Format Version 12.00
# Visual Studio Version 16
VisualStudioVersion = 16.0.29503.13
MinimumVisualStudioVersion = 10.0.40219.1
Project("{FAE04EC0-301F-11D3-BF4B-00C04F79EFBC}") = "mayin", "mayin\mayin.csproj", "{019D086D-4089-45C4-8FEE-61CDBA58C4CF}"
EndProject
Global
	GlobalSection(SolutionConfigurationPlatforms) = preSolution
		Debug|Any CPU = Debug|Any CPU
		Release|Any CPU = Release|Any CPU
	EndGlobalSection
	GlobalSection(ProjectConfigurationPlatforms) = postSolution
		{019D086D-4089-45C4-8FEE-61CDBA58C4CF}.Debug|Any CPU.ActiveCfg = Debug|Any CPU
		{019D086D-4089-45C4-8FEE-61CDBA58C4CF}.Debug|Any CPU.Build.0 = Debug|Any CPU
		{019D086D-4089-45C4-8FEE-61CDBA58C4CF}.Release|Any CPU.ActiveCfg = Release|Any CPU
		{019D086D-4089-45C4-8FEE-61CDBA58C4CF}.Release|Any CPU.Build.0 = Release|Any CPU
	EndGlobalSection
	GlobalSection(SolutionProperties) = preSolution
		HideSolutionNode = FALSE
	EndGlobalSection
	GlobalSection(ExtensibilityGlobals) = postSolution
		SolutionGuid = {B9530D17-60E0-4ED5-BDDA-E9EBB9FFBB5F}
	EndGlobalSection
EndGlobal
